// !$*UTF8*$!
{
	archiveVersion = 1;
	classes = {
	};
	objectVersion = 50;
	objects = {

/* Begin PBXBuildFile section */
		D7CF655B2662C329007BBE94 /* AppDelegate.swift in Sources */ = {isa = PBXBuildFile; fileRef = D7CF655A2662C329007BBE94 /* AppDelegate.swift */; };
		D7CF655D2662C329007BBE94 /* SceneDelegate.swift in Sources */ = {isa = PBXBuildFile; fileRef = D7CF655C2662C329007BBE94 /* SceneDelegate.swift */; };
		D7CF655F2662C329007BBE94 /* ViewController.swift in Sources */ = {isa = PBXBuildFile; fileRef = D7CF655E2662C329007BBE94 /* ViewController.swift */; };
		D7CF65622662C329007BBE94 /* Main.storyboard in Resources */ = {isa = PBXBuildFile; fileRef = D7CF65602662C329007BBE94 /* Main.storyboard */; };
		D7CF65652662C329007BBE94 /* Weather.xcdatamodeld in Sources */ = {isa = PBXBuildFile; fileRef = D7CF65632662C329007BBE94 /* Weather.xcdatamodeld */; };
		D7CF65672662C32C007BBE94 /* Assets.xcassets in Resources */ = {isa = PBXBuildFile; fileRef = D7CF65662662C32C007BBE94 /* Assets.xcassets */; };
		D7CF656A2662C32C007BBE94 /* LaunchScreen.storyboard in Resources */ = {isa = PBXBuildFile; fileRef = D7CF65682662C32C007BBE94 /* LaunchScreen.storyboard */; };
		D7CF65752662C32C007BBE94 /* WeatherTests.swift in Sources */ = {isa = PBXBuildFile; fileRef = D7CF65742662C32C007BBE94 /* WeatherTests.swift */; };
		D7CF65802662C32C007BBE94 /* WeatherUITests.swift in Sources */ = {isa = PBXBuildFile; fileRef = D7CF657F2662C32C007BBE94 /* WeatherUITests.swift */; };
/* End PBXBuildFile section */

/* Begin PBXContainerItemProxy section */
		D7CF65712662C32C007BBE94 /* PBXContainerItemProxy */ = {
			isa = PBXContainerItemProxy;
			containerPortal = D7CF654F2662C329007BBE94 /* Project object */;
			proxyType = 1;
			remoteGlobalIDString = D7CF65562662C329007BBE94;
			remoteInfo = Weather;
		};
		D7CF657C2662C32C007BBE94 /* PBXContainerItemProxy */ = {
			isa = PBXContainerItemProxy;
			containerPortal = D7CF654F2662C329007BBE94 /* Project object */;
			proxyType = 1;
			remoteGlobalIDString = D7CF65562662C329007BBE94;
			remoteInfo = Weather;
		};
/* End PBXContainerItemProxy section */

/* Begin PBXFileReference section */
		D7CF65572662C329007BBE94 /* Weather.app */ = {isa = PBXFileReference; explicitFileType = wrapper.application; includeInIndex = 0; path = Weather.app; sourceTree = BUILT_PRODUCTS_DIR; };
		D7CF655A2662C329007BBE94 /* AppDelegate.swift */ = {isa = PBXFileReference; lastKnownFileType = sourcecode.swift; path = AppDelegate.swift; sourceTree = "<group>"; };
		D7CF655C2662C329007BBE94 /* SceneDelegate.swift */ = {isa = PBXFileReference; lastKnownFileType = sourcecode.swift; path = SceneDelegate.swift; sourceTree = "<group>"; };
		D7CF655E2662C329007BBE94 /* ViewController.swift */ = {isa = PBXFileReference; lastKnownFileType = sourcecode.swift; path = ViewController.swift; sourceTree = "<group>"; };
		D7CF65612662C329007BBE94 /* Base */ = {isa = PBXFileReference; lastKnownFileType = file.storyboard; name = Base; path = Base.lproj/Main.storyboard; sourceTree = "<group>"; };
		D7CF65642662C329007BBE94 /* Weather.xcdatamodel */ = {isa = PBXFileReference; lastKnownFileType = wrapper.xcdatamodel; path = Weather.xcdatamodel; sourceTree = "<group>"; };
		D7CF65662662C32C007BBE94 /* Assets.xcassets */ = {isa = PBXFileReference; lastKnownFileType = folder.assetcatalog; path = Assets.xcassets; sourceTree = "<group>"; };
		D7CF65692662C32C007BBE94 /* Base */ = {isa = PBXFileReference; lastKnownFileType = file.storyboard; name = Base; path = Base.lproj/LaunchScreen.storyboard; sourceTree = "<group>"; };
		D7CF656B2662C32C007BBE94 /* Info.plist */ = {isa = PBXFileReference; lastKnownFileType = text.plist.xml; path = Info.plist; sourceTree = "<group>"; };
		D7CF65702662C32C007BBE94 /* WeatherTests.xctest */ = {isa = PBXFileReference; explicitFileType = wrapper.cfbundle; includeInIndex = 0; path = WeatherTests.xctest; sourceTree = BUILT_PRODUCTS_DIR; };
		D7CF65742662C32C007BBE94 /* WeatherTests.swift */ = {isa = PBXFileReference; lastKnownFileType = sourcecode.swift; path = WeatherTests.swift; sourceTree = "<group>"; };
		D7CF65762662C32C007BBE94 /* Info.plist */ = {isa = PBXFileReference; lastKnownFileType = text.plist.xml; path = Info.plist; sourceTree = "<group>"; };
		D7CF657B2662C32C007BBE94 /* WeatherUITests.xctest */ = {isa = PBXFileReference; explicitFileType = wrapper.cfbundle; includeInIndex = 0; path = WeatherUITests.xctest; sourceTree = BUILT_PRODUCTS_DIR; };
		D7CF657F2662C32C007BBE94 /* WeatherUITests.swift */ = {isa = PBXFileReference; lastKnownFileType = sourcecode.swift; path = WeatherUITests.swift; sourceTree = "<group>"; };
		D7CF65812662C32C007BBE94 /* Info.plist */ = {isa = PBXFileReference; lastKnownFileType = text.plist.xml; path = Info.plist; sourceTree = "<group>"; };
/* End PBXFileReference section */

/* Begin PBXFrameworksBuildPhase section */
		D7CF65542662C329007BBE94 /* Frameworks */ = {
			isa = PBXFrameworksBuildPhase;
			buildActionMask = 2147483647;
			files = (
			);
			runOnlyForDeploymentPostprocessing = 0;
		};
		D7CF656D2662C32C007BBE94 /* Frameworks */ = {
			isa = PBXFrameworksBuildPhase;
			buildActionMask = 2147483647;
			files = (
			);
			runOnlyForDeploymentPostprocessing = 0;
		};
		D7CF65782662C32C007BBE94 /* Frameworks */ = {
			isa = PBXFrameworksBuildPhase;
			buildActionMask = 2147483647;
			files = (
			);
			runOnlyForDeploymentPostprocessing = 0;
		};
/* End PBXFrameworksBuildPhase section */

/* Begin PBXGroup section */
		D7CF654E2662C329007BBE94 = {
			isa = PBXGroup;
			children = (
				D7CF65592662C329007BBE94 /* Weather */,
				D7CF65732662C32C007BBE94 /* WeatherTests */,
				D7CF657E2662C32C007BBE94 /* WeatherUITests */,
				D7CF65582662C329007BBE94 /* Products */,
			);
			sourceTree = "<group>";
		};
		D7CF65582662C329007BBE94 /* Products */ = {
			isa = PBXGroup;
			children = (
				D7CF65572662C329007BBE94 /* Weather.app */,
				D7CF65702662C32C007BBE94 /* WeatherTests.xctest */,
				D7CF657B2662C32C007BBE94 /* WeatherUITests.xctest */,
			);
			name = Products;
			sourceTree = "<group>";
		};
		D7CF65592662C329007BBE94 /* Weather */ = {
			isa = PBXGroup;
			children = (
				D7CF655A2662C329007BBE94 /* AppDelegate.swift */,
				D7CF655C2662C329007BBE94 /* SceneDelegate.swift */,
				D7CF655E2662C329007BBE94 /* ViewController.swift */,
				D7CF65602662C329007BBE94 /* Main.storyboard */,
				D7CF65662662C32C007BBE94 /* Assets.xcassets */,
				D7CF65682662C32C007BBE94 /* LaunchScreen.storyboard */,
				D7CF656B2662C32C007BBE94 /* Info.plist */,
				D7CF65632662C329007BBE94 /* Weather.xcdatamodeld */,
			);
			path = Weather;
			sourceTree = "<group>";
		};
		D7CF65732662C32C007BBE94 /* WeatherTests */ = {
			isa = PBXGroup;
			children = (
				D7CF65742662C32C007BBE94 /* WeatherTests.swift */,
				D7CF65762662C32C007BBE94 /* Info.plist */,
			);
			path = WeatherTests;
			sourceTree = "<group>";
		};
		D7CF657E2662C32C007BBE94 /* WeatherUITests */ = {
			isa = PBXGroup;
			children = (
				D7CF657F2662C32C007BBE94 /* WeatherUITests.swift */,
				D7CF65812662C32C007BBE94 /* Info.plist */,
			);
			path = WeatherUITests;
			sourceTree = "<group>";
		};
/* End PBXGroup section */

/* Begin PBXNativeTarget section */
		D7CF65562662C329007BBE94 /* Weather */ = {
			isa = PBXNativeTarget;
			buildConfigurationList = D7CF65842662C32C007BBE94 /* Build configuration list for PBXNativeTarget "Weather" */;
			buildPhases = (
				D7CF65532662C329007BBE94 /* Sources */,
				D7CF65542662C329007BBE94 /* Frameworks */,
				D7CF65552662C329007BBE94 /* Resources */,
			);
			buildRules = (
			);
			dependencies = (
			);
			name = Weather;
			productName = Weather;
			productReference = D7CF65572662C329007BBE94 /* Weather.app */;
			productType = "com.apple.product-type.application";
		};
		D7CF656F2662C32C007BBE94 /* WeatherTests */ = {
			isa = PBXNativeTarget;
			buildConfigurationList = D7CF65872662C32C007BBE94 /* Build configuration list for PBXNativeTarget "WeatherTests" */;
			buildPhases = (
				D7CF656C2662C32C007BBE94 /* Sources */,
				D7CF656D2662C32C007BBE94 /* Frameworks */,
				D7CF656E2662C32C007BBE94 /* Resources */,
			);
			buildRules = (
			);
			dependencies = (
				D7CF65722662C32C007BBE94 /* PBXTargetDependency */,
			);
			name = WeatherTests;
			productName = WeatherTests;
			productReference = D7CF65702662C32C007BBE94 /* WeatherTests.xctest */;
			productType = "com.apple.product-type.bundle.unit-test";
		};
		D7CF657A2662C32C007BBE94 /* WeatherUITests */ = {
			isa = PBXNativeTarget;
			buildConfigurationList = D7CF658A2662C32C007BBE94 /* Build configuration list for PBXNativeTarget "WeatherUITests" */;
			buildPhases = (
				D7CF65772662C32C007BBE94 /* Sources */,
				D7CF65782662C32C007BBE94 /* Frameworks */,
				D7CF65792662C32C007BBE94 /* Resources */,
			);
			buildRules = (
			);
			dependencies = (
				D7CF657D2662C32C007BBE94 /* PBXTargetDependency */,
			);
			name = WeatherUITests;
			productName = WeatherUITests;
			productReference = D7CF657B2662C32C007BBE94 /* WeatherUITests.xctest */;
			productType = "com.apple.product-type.bundle.ui-testing";
		};
/* End PBXNativeTarget section */

/* Begin PBXProject section */
		D7CF654F2662C329007BBE94 /* Project object */ = {
			isa = PBXProject;
			attributes = {
				LastSwiftUpdateCheck = 1250;
				LastUpgradeCheck = 1250;
				TargetAttributes = {
					D7CF65562662C329007BBE94 = {
						CreatedOnToolsVersion = 12.5;
					};
					D7CF656F2662C32C007BBE94 = {
						CreatedOnToolsVersion = 12.5;
						TestTargetID = D7CF65562662C329007BBE94;
					};
					D7CF657A2662C32C007BBE94 = {
						CreatedOnToolsVersion = 12.5;
						TestTargetID = D7CF65562662C329007BBE94;
					};
				};
			};
			buildConfigurationList = D7CF65522662C329007BBE94 /* Build configuration list for PBXProject "Weather" */;
			compatibilityVersion = "Xcode 9.3";
			developmentRegion = en;
			hasScannedForEncodings = 0;
			knownRegions = (
				en,
				Base,
			);
			mainGroup = D7CF654E2662C329007BBE94;
			productRefGroup = D7CF65582662C329007BBE94 /* Products */;
			projectDirPath = "";
			projectRoot = "";
			targets = (
				D7CF65562662C329007BBE94 /* Weather */,
				D7CF656F2662C32C007BBE94 /* WeatherTests */,
				D7CF657A2662C32C007BBE94 /* WeatherUITests */,
			);
		};
/* End PBXProject section */

/* Begin PBXResourcesBuildPhase section */
		D7CF65552662C329007BBE94 /* Resources */ = {
			isa = PBXResourcesBuildPhase;
			buildActionMask = 2147483647;
			files = (
				D7CF656A2662C32C007BBE94 /* LaunchScreen.storyboard in Resources */,
				D7CF65672662C32C007BBE94 /* Assets.xcassets in Resources */,
				D7CF65622662C329007BBE94 /* Main.storyboard in Resources */,
			);
			runOnlyForDeploymentPostprocessing = 0;
		};
		D7CF656E2662C32C007BBE94 /* Resources */ = {
			isa = PBXResourcesBuildPhase;
			buildActionMask = 2147483647;
			files = (
			);
			runOnlyForDeploymentPostprocessing = 0;
		};
		D7CF65792662C32C007BBE94 /* Resources */ = {
			isa = PBXResourcesBuildPhase;
			buildActionMask = 2147483647;
			files = (
			);
			runOnlyForDeploymentPostprocessing = 0;
		};
/* End PBXResourcesBuildPhase section */

/* Begin PBXSourcesBuildPhase section */
		D7CF65532662C329007BBE94 /* Sources */ = {
			isa = PBXSourcesBuildPhase;
			buildActionMask = 2147483647;
			files = (
				D7CF65652662C329007BBE94 /* Weather.xcdatamodeld in Sources */,
				D7CF655F2662C329007BBE94 /* ViewController.swift in Sources */,
				D7CF655B2662C329007BBE94 /* AppDelegate.swift in Sources */,
				D7CF655D2662C329007BBE94 /* SceneDelegate.swift in Sources */,
			);
			runOnlyForDeploymentPostprocessing = 0;
		};
		D7CF656C2662C32C007BBE94 /* Sources */ = {
			isa = PBXSourcesBuildPhase;
			buildActionMask = 2147483647;
			files = (
				D7CF65752662C32C007BBE94 /* WeatherTests.swift in Sources */,
			);
			runOnlyForDeploymentPostprocessing = 0;
		};
		D7CF65772662C32C007BBE94 /* Sources */ = {
			isa = PBXSourcesBuildPhase;
			buildActionMask = 2147483647;
			files = (
				D7CF65802662C32C007BBE94 /* WeatherUITests.swift in Sources */,
			);
			runOnlyForDeploymentPostprocessing = 0;
		};
/* End PBXSourcesBuildPhase section */

/* Begin PBXTargetDependency section */
		D7CF65722662C32C007BBE94 /* PBXTargetDependency */ = {
			isa = PBXTargetDependency;
			target = D7CF65562662C329007BBE94 /* Weather */;
			targetProxy = D7CF65712662C32C007BBE94 /* PBXContainerItemProxy */;
		};
		D7CF657D2662C32C007BBE94 /* PBXTargetDependency */ = {
			isa = PBXTargetDependency;
			target = D7CF65562662C329007BBE94 /* Weather */;
			targetProxy = D7CF657C2662C32C007BBE94 /* PBXContainerItemProxy */;
		};
/* End PBXTargetDependency section */

/* Begin PBXVariantGroup section */
		D7CF65602662C329007BBE94 /* Main.storyboard */ = {
			isa = PBXVariantGroup;
			children = (
				D7CF65612662C329007BBE94 /* Base */,
			);
			name = Main.storyboard;
			sourceTree = "<group>";
		};
		D7CF65682662C32C007BBE94 /* LaunchScreen.storyboard */ = {
			isa = PBXVariantGroup;
			children = (
				D7CF65692662C32C007BBE94 /* Base */,
			);
			name = LaunchScreen.storyboard;
			sourceTree = "<group>";
		};
/* End PBXVariantGroup section */

/* Begin XCBuildConfiguration section */
		D7CF65822662C32C007BBE94 /* Debug */ = {
			isa = XCBuildConfiguration;
			buildSettings = {
				ALWAYS_SEARCH_USER_PATHS = NO;
				CLANG_ANALYZER_NONNULL = YES;
				CLANG_ANALYZER_NUMBER_OBJECT_CONVERSION = YES_AGGRESSIVE;
				CLANG_CXX_LANGUAGE_STANDARD = "gnu++14";
				CLANG_CXX_LIBRARY = "libc++";
				CLANG_ENABLE_MODULES = YES;
				CLANG_ENABLE_OBJC_ARC = YES;
				CLANG_ENABLE_OBJC_WEAK = YES;
				CLANG_WARN_BLOCK_CAPTURE_AUTORELEASING = YES;
				CLANG_WARN_BOOL_CONVERSION = YES;
				CLANG_WARN_COMMA = YES;
				CLANG_WARN_CONSTANT_CONVERSION = YES;
				CLANG_WARN_DEPRECATED_OBJC_IMPLEMENTATIONS = YES;
				CLANG_WARN_DIRECT_OBJC_ISA_USAGE = YES_ERROR;
				CLANG_WARN_DOCUMENTATION_COMMENTS = YES;
				CLANG_WARN_EMPTY_BODY = YES;
				CLANG_WARN_ENUM_CONVERSION = YES;
				CLANG_WARN_INFINITE_RECURSION = YES;
				CLANG_WARN_INT_CONVERSION = YES;
				CLANG_WARN_NON_LITERAL_NULL_CONVERSION = YES;
				CLANG_WARN_OBJC_IMPLICIT_RETAIN_SELF = YES;
				CLANG_WARN_OBJC_LITERAL_CONVERSION = YES;
				CLANG_WARN_OBJC_ROOT_CLASS = YES_ERROR;
				CLANG_WARN_QUOTED_INCLUDE_IN_FRAMEWORK_HEADER = YES;
				CLANG_WARN_RANGE_LOOP_ANALYSIS = YES;
				CLANG_WARN_STRICT_PROTOTYPES = YES;
				CLANG_WARN_SUSPICIOUS_MOVE = YES;
				CLANG_WARN_UNGUARDED_AVAILABILITY = YES_AGGRESSIVE;
				CLANG_WARN_UNREACHABLE_CODE = YES;
				CLANG_WARN__DUPLICATE_METHOD_MATCH = YES;
				COPY_PHASE_STRIP = NO;
				DEBUG_INFORMATION_FORMAT = dwarf;
				ENABLE_STRICT_OBJC_MSGSEND = YES;
				ENABLE_TESTABILITY = YES;
				GCC_C_LANGUAGE_STANDARD = gnu11;
				GCC_DYNAMIC_NO_PIC = NO;
				GCC_NO_COMMON_BLOCKS = YES;
				GCC_OPTIMIZATION_LEVEL = 0;
				GCC_PREPROCESSOR_DEFINITIONS = (
					"DEBUG=1",
					"$(inherited)",
				);
				GCC_WARN_64_TO_32_BIT_CONVERSION = YES;
				GCC_WARN_ABOUT_RETURN_TYPE = YES_ERROR;
				GCC_WARN_UNDECLARED_SELECTOR = YES;
				GCC_WARN_UNINITIALIZED_AUTOS = YES_AGGRESSIVE;
				GCC_WARN_UNUSED_FUNCTION = YES;
				GCC_WARN_UNUSED_VARIABLE = YES;
				IPHONEOS_DEPLOYMENT_TARGET = 14.5;
				MTL_ENABLE_DEBUG_INFO = INCLUDE_SOURCE;
				MTL_FAST_MATH = YES;
				ONLY_ACTIVE_ARCH = YES;
				SDKROOT = iphoneos;
				SWIFT_ACTIVE_COMPILATION_CONDITIONS = DEBUG;
				SWIFT_OPTIMIZATION_LEVEL = "-Onone";
			};
			name = Debug;
		};
		D7CF65832662C32C007BBE94 /* Release */ = {
			isa = XCBuildConfiguration;
			buildSettings = {
				ALWAYS_SEARCH_USER_PATHS = NO;
				CLANG_ANALYZER_NONNULL = YES;
				CLANG_ANALYZER_NUMBER_OBJECT_CONVERSION = YES_AGGRESSIVE;
				CLANG_CXX_LANGUAGE_STANDARD = "gnu++14";
				CLANG_CXX_LIBRARY = "libc++";
				CLANG_ENABLE_MODULES = YES;
				CLANG_ENABLE_OBJC_ARC = YES;
				CLANG_ENABLE_OBJC_WEAK = YES;
				CLANG_WARN_BLOCK_CAPTURE_AUTORELEASING = YES;
				CLANG_WARN_BOOL_CONVERSION = YES;
				CLANG_WARN_COMMA = YES;
				CLANG_WARN_CONSTANT_CONVERSION = YES;
				CLANG_WARN_DEPRECATED_OBJC_IMPLEMENTATIONS = YES;
				CLANG_WARN_DIRECT_OBJC_ISA_USAGE = YES_ERROR;
				CLANG_WARN_DOCUMENTATION_COMMENTS = YES;
				CLANG_WARN_EMPTY_BODY = YES;
				CLANG_WARN_ENUM_CONVERSION = YES;
				CLANG_WARN_INFINITE_RECURSION = YES;
				CLANG_WARN_INT_CONVERSION = YES;
				CLANG_WARN_NON_LITERAL_NULL_CONVERSION = YES;
				CLANG_WARN_OBJC_IMPLICIT_RETAIN_SELF = YES;
				CLANG_WARN_OBJC_LITERAL_CONVERSION = YES;
				CLANG_WARN_OBJC_ROOT_CLASS = YES_ERROR;
				CLANG_WARN_QUOTED_INCLUDE_IN_FRAMEWORK_HEADER = YES;
				CLANG_WARN_RANGE_LOOP_ANALYSIS = YES;
				CLANG_WARN_STRICT_PROTOTYPES = YES;
				CLANG_WARN_SUSPICIOUS_MOVE = YES;
				CLANG_WARN_UNGUARDED_AVAILABILITY = YES_AGGRESSIVE;
				CLANG_WARN_UNREACHABLE_CODE = YES;
				CLANG_WARN__DUPLICATE_METHOD_MATCH = YES;
				COPY_PHASE_STRIP = NO;
				DEBUG_INFORMATION_FORMAT = "dwarf-with-dsym";
				ENABLE_NS_ASSERTIONS = NO;
				ENABLE_STRICT_OBJC_MSGSEND = YES;
				GCC_C_LANGUAGE_STANDARD = gnu11;
				GCC_NO_COMMON_BLOCKS = YES;
				GCC_WARN_64_TO_32_BIT_CONVERSION = YES;
				GCC_WARN_ABOUT_RETURN_TYPE = YES_ERROR;
				GCC_WARN_UNDECLARED_SELECTOR = YES;
				GCC_WARN_UNINITIALIZED_AUTOS = YES_AGGRESSIVE;
				GCC_WARN_UNUSED_FUNCTION = YES;
				GCC_WARN_UNUSED_VARIABLE = YES;
				IPHONEOS_DEPLOYMENT_TARGET = 14.5;
				MTL_ENABLE_DEBUG_INFO = NO;
				MTL_FAST_MATH = YES;
				SDKROOT = iphoneos;
				SWIFT_COMPILATION_MODE = wholemodule;
				SWIFT_OPTIMIZATION_LEVEL = "-O";
				VALIDATE_PRODUCT = YES;
			};
			name = Release;
		};
		D7CF65852662C32C007BBE94 /* Debug */ = {
			isa = XCBuildConfiguration;
			buildSettings = {
				ASSETCATALOG_COMPILER_APPICON_NAME = AppIcon;
				ASSETCATALOG_COMPILER_GLOBAL_ACCENT_COLOR_NAME = AccentColor;
				CODE_SIGN_STYLE = Automatic;
				DEVELOPMENT_TEAM = RUQE44LKBF;
				INFOPLIST_FILE = Weather/Info.plist;
				LD_RUNPATH_SEARCH_PATHS = (
					"$(inherited)",
					"@executable_path/Frameworks",
				);
				PRODUCT_BUNDLE_IDENTIFIER = com.dvtsoftware.weather.Weather;
				PRODUCT_NAME = "$(TARGET_NAME)";
				SWIFT_VERSION = 5.0;
				TARGETED_DEVICE_FAMILY = "1,2";
			};
			name = Debug;
		};
		D7CF65862662C32C007BBE94 /* Release */ = {
			isa = XCBuildConfiguration;
			buildSettings = {
				ASSETCATALOG_COMPILER_APPICON_NAME = AppIcon;
				ASSETCATALOG_COMPILER_GLOBAL_ACCENT_COLOR_NAME = AccentColor;
				CODE_SIGN_STYLE = Automatic;
				DEVELOPMENT_TEAM = RUQE44LKBF;
				INFOPLIST_FILE = Weather/Info.plist;
				LD_RUNPATH_SEARCH_PATHS = (
					"$(inherited)",
					"@executable_path/Frameworks",
				);
				PRODUCT_BUNDLE_IDENTIFIER = com.dvtsoftware.weather.Weather;
				PRODUCT_NAME = "$(TARGET_NAME)";
				SWIFT_VERSION = 5.0;
				TARGETED_DEVICE_FAMILY = "1,2";
			};
			name = Release;
		};
		D7CF65882662C32C007BBE94 /* Debug */ = {
			isa = XCBuildConfiguration;
			buildSettings = {
				ALWAYS_EMBED_SWIFT_STANDARD_LIBRARIES = YES;
				BUNDLE_LOADER = "$(TEST_HOST)";
				CODE_SIGN_STYLE = Automatic;
				DEVELOPMENT_TEAM = RUQE44LKBF;
				INFOPLIST_FILE = WeatherTests/Info.plist;
				IPHONEOS_DEPLOYMENT_TARGET = 14.5;
				LD_RUNPATH_SEARCH_PATHS = (
					"$(inherited)",
					"@executable_path/Frameworks",
					"@loader_path/Frameworks",
				);
				PRODUCT_BUNDLE_IDENTIFIER = com.dvtsoftware.weather.WeatherTests;
				PRODUCT_NAME = "$(TARGET_NAME)";
				SWIFT_VERSION = 5.0;
				TARGETED_DEVICE_FAMILY = "1,2";
				TEST_HOST = "$(BUILT_PRODUCTS_DIR)/Weather.app/Weather";
			};
			name = Debug;
		};
		D7CF65892662C32C007BBE94 /* Release */ = {
			isa = XCBuildConfiguration;
			buildSettings = {
				ALWAYS_EMBED_SWIFT_STANDARD_LIBRARIES = YES;
				BUNDLE_LOADER = "$(TEST_HOST)";
				CODE_SIGN_STYLE = Automatic;
				DEVELOPMENT_TEAM = RUQE44LKBF;
				INFOPLIST_FILE = WeatherTests/Info.plist;
				IPHONEOS_DEPLOYMENT_TARGET = 14.5;
				LD_RUNPATH_SEARCH_PATHS = (
					"$(inherited)",
					"@executable_path/Frameworks",
					"@loader_path/Frameworks",
				);
				PRODUCT_BUNDLE_IDENTIFIER = com.dvtsoftware.weather.WeatherTests;
				PRODUCT_NAME = "$(TARGET_NAME)";
				SWIFT_VERSION = 5.0;
				TARGETED_DEVICE_FAMILY = "1,2";
				TEST_HOST = "$(BUILT_PRODUCTS_DIR)/Weather.app/Weather";
			};
			name = Release;
		};
		D7CF658B2662C32C007BBE94 /* Debug */ = {
			isa = XCBuildConfiguration;
			buildSettings = {
				ALWAYS_EMBED_SWIFT_STANDARD_LIBRARIES = YES;
				CODE_SIGN_STYLE = Automatic;
				DEVELOPMENT_TEAM = RUQE44LKBF;
				INFOPLIST_FILE = WeatherUITests/Info.plist;
				LD_RUNPATH_SEARCH_PATHS = (
					"$(inherited)",
					"@executable_path/Frameworks",
					"@loader_path/Frameworks",
				);
				PRODUCT_BUNDLE_IDENTIFIER = com.dvtsoftware.weather.WeatherUITests;
				PRODUCT_NAME = "$(TARGET_NAME)";
				SWIFT_VERSION = 5.0;
				TARGETED_DEVICE_FAMILY = "1,2";
				TEST_TARGET_NAME = Weather;
			};
			name = Debug;
		};
		D7CF658C2662C32C007BBE94 /* Release */ = {
			isa = XCBuildConfiguration;
			buildSettings = {
				ALWAYS_EMBED_SWIFT_STANDARD_LIBRARIES = YES;
				CODE_SIGN_STYLE = Automatic;
				DEVELOPMENT_TEAM = RUQE44LKBF;
				INFOPLIST_FILE = WeatherUITests/Info.plist;
				LD_RUNPATH_SEARCH_PATHS = (
					"$(inherited)",
					"@executable_path/Frameworks",
					"@loader_path/Frameworks",
				);
				PRODUCT_BUNDLE_IDENTIFIER = com.dvtsoftware.weather.WeatherUITests;
				PRODUCT_NAME = "$(TARGET_NAME)";
				SWIFT_VERSION = 5.0;
				TARGETED_DEVICE_FAMILY = "1,2";
				TEST_TARGET_NAME = Weather;
			};
			name = Release;
		};
/* End XCBuildConfiguration section */

/* Begin XCConfigurationList section */
		D7CF65522662C329007BBE94 /* Build configuration list for PBXProject "Weather" */ = {
			isa = XCConfigurationList;
			buildConfigurations = (
				D7CF65822662C32C007BBE94 /* Debug */,
				D7CF65832662C32C007BBE94 /* Release */,
			);
			defaultConfigurationIsVisible = 0;
			defaultConfigurationName = Release;
		};
		D7CF65842662C32C007BBE94 /* Build configuration list for PBXNativeTarget "Weather" */ = {
			isa = XCConfigurationList;
			buildConfigurations = (
				D7CF65852662C32C007BBE94 /* Debug */,
				D7CF65862662C32C007BBE94 /* Release */,
			);
			defaultConfigurationIsVisible = 0;
			defaultConfigurationName = Release;
		};
		D7CF65872662C32C007BBE94 /* Build configuration list for PBXNativeTarget "WeatherTests" */ = {
			isa = XCConfigurationList;
			buildConfigurations = (
				D7CF65882662C32C007BBE94 /* Debug */,
				D7CF65892662C32C007BBE94 /* Release */,
			);
			defaultConfigurationIsVisible = 0;
			defaultConfigurationName = Release;
		};
		D7CF658A2662C32C007BBE94 /* Build configuration list for PBXNativeTarget "WeatherUITests" */ = {
			isa = XCConfigurationList;
			buildConfigurations = (
				D7CF658B2662C32C007BBE94 /* Debug */,
				D7CF658C2662C32C007BBE94 /* Release */,
			);
			defaultConfigurationIsVisible = 0;
			defaultConfigurationName = Release;
		};
/* End XCConfigurationList section */

/* Begin XCVersionGroup section */
		D7CF65632662C329007BBE94 /* Weather.xcdatamodeld */ = {
			isa = XCVersionGroup;
			children = (
				D7CF65642662C329007BBE94 /* Weather.xcdatamodel */,
			);
			currentVersion = D7CF65642662C329007BBE94 /* Weather.xcdatamodel */;
			path = Weather.xcdatamodeld;
			sourceTree = "<group>";
			versionGroupType = wrapper.xcdatamodel;
		};
/* End XCVersionGroup section */
	};
	rootObject = D7CF654F2662C329007BBE94 /* Project object */;
}
